// !$*UTF8*$!
{
	archiveVersion = 1;
	classes = {
	};
	objectVersion = 46;
	objects = {

/* Begin PBXBuildFile section */
		14F88B6A1F35C0430009EC63 /* AppDelegate.swift in Sources */ = {isa = PBXBuildFile; fileRef = 14F88B691F35C0430009EC63 /* AppDelegate.swift */; };
		14F88B6C1F35C0430009EC63 /* ViewController.swift in Sources */ = {isa = PBXBuildFile; fileRef = 14F88B6B1F35C0430009EC63 /* ViewController.swift */; };
		14F88B6F1F35C0430009EC63 /* Main.storyboard in Resources */ = {isa = PBXBuildFile; fileRef = 14F88B6D1F35C0430009EC63 /* Main.storyboard */; };
		14F88B711F35C0430009EC63 /* Assets.xcassets in Resources */ = {isa = PBXBuildFile; fileRef = 14F88B701F35C0430009EC63 /* Assets.xcassets */; };
		14F88B741F35C0430009EC63 /* LaunchScreen.storyboard in Resources */ = {isa = PBXBuildFile; fileRef = 14F88B721F35C0430009EC63 /* LaunchScreen.storyboard */; };
		14F88B821F35C0610009EC63 /* DSNScreenshots.swift in Sources */ = {isa = PBXBuildFile; fileRef = 14F88B811F35C0610009EC63 /* DSNScreenshots.swift */; };
/* End PBXBuildFile section */

/* Begin PBXContainerItemProxy section */
		14F88B841F35C0610009EC63 /* PBXContainerItemProxy */ = {
			isa = PBXContainerItemProxy;
			containerPortal = 14F88B5E1F35C0430009EC63 /* Project object */;
			proxyType = 1;
			remoteGlobalIDString = 14F88B651F35C0430009EC63;
			remoteInfo = DSN;
		};
/* End PBXContainerItemProxy section */

/* Begin PBXFileReference section */
		14F88B661F35C0430009EC63 /* DSN.app */ = {isa = PBXFileReference; explicitFileType = wrapper.application; includeInIndex = 0; path = DSN.app; sourceTree = BUILT_PRODUCTS_DIR; };
		14F88B691F35C0430009EC63 /* AppDelegate.swift */ = {isa = PBXFileReference; lastKnownFileType = sourcecode.swift; path = AppDelegate.swift; sourceTree = "<group>"; };
		14F88B6B1F35C0430009EC63 /* ViewController.swift */ = {isa = PBXFileReference; lastKnownFileType = sourcecode.swift; path = ViewController.swift; sourceTree = "<group>"; };
		14F88B6E1F35C0430009EC63 /* Base */ = {isa = PBXFileReference; lastKnownFileType = file.storyboard; name = Base; path = Base.lproj/Main.storyboard; sourceTree = "<group>"; };
		14F88B701F35C0430009EC63 /* Assets.xcassets */ = {isa = PBXFileReference; lastKnownFileType = folder.assetcatalog; path = Assets.xcassets; sourceTree = "<group>"; };
		14F88B731F35C0430009EC63 /* Base */ = {isa = PBXFileReference; lastKnownFileType = file.storyboard; name = Base; path = Base.lproj/LaunchScreen.storyboard; sourceTree = "<group>"; };
		14F88B751F35C0430009EC63 /* Info.plist */ = {isa = PBXFileReference; lastKnownFileType = text.plist.xml; path = Info.plist; sourceTree = "<group>"; };
		14F88B7F1F35C0600009EC63 /* DSNScreenshots.xctest */ = {isa = PBXFileReference; explicitFileType = wrapper.cfbundle; includeInIndex = 0; path = DSNScreenshots.xctest; sourceTree = BUILT_PRODUCTS_DIR; };
		14F88B811F35C0610009EC63 /* DSNScreenshots.swift */ = {isa = PBXFileReference; lastKnownFileType = sourcecode.swift; path = DSNScreenshots.swift; sourceTree = "<group>"; };
		14F88B831F35C0610009EC63 /* Info.plist */ = {isa = PBXFileReference; lastKnownFileType = text.plist.xml; path = Info.plist; sourceTree = "<group>"; };
/* End PBXFileReference section */

/* Begin PBXFrameworksBuildPhase section */
		14F88B631F35C0430009EC63 /* Frameworks */ = {
			isa = PBXFrameworksBuildPhase;
			buildActionMask = 2147483647;
			files = (
			);
			runOnlyForDeploymentPostprocessing = 0;
		};
		14F88B7C1F35C0600009EC63 /* Frameworks */ = {
			isa = PBXFrameworksBuildPhase;
			buildActionMask = 2147483647;
			files = (
			);
			runOnlyForDeploymentPostprocessing = 0;
		};
/* End PBXFrameworksBuildPhase section */

/* Begin PBXGroup section */
		14F88B5D1F35C0430009EC63 = {
			isa = PBXGroup;
			children = (
				14F88B681F35C0430009EC63 /* DSN */,
				14F88B801F35C0610009EC63 /* DSNScreenshots */,
				14F88B671F35C0430009EC63 /* Products */,
			);
			sourceTree = "<group>";
		};
		14F88B671F35C0430009EC63 /* Products */ = {
			isa = PBXGroup;
			children = (
				14F88B661F35C0430009EC63 /* DSN.app */,
				14F88B7F1F35C0600009EC63 /* DSNScreenshots.xctest */,
			);
			name = Products;
			sourceTree = "<group>";
		};
		14F88B681F35C0430009EC63 /* DSN */ = {
			isa = PBXGroup;
			children = (
				14F88B691F35C0430009EC63 /* AppDelegate.swift */,
				14F88B6B1F35C0430009EC63 /* ViewController.swift */,
				14F88B6D1F35C0430009EC63 /* Main.storyboard */,
				14F88B701F35C0430009EC63 /* Assets.xcassets */,
				14F88B721F35C0430009EC63 /* LaunchScreen.storyboard */,
				14F88B751F35C0430009EC63 /* Info.plist */,
			);
			path = DSN;
			sourceTree = "<group>";
		};
		14F88B801F35C0610009EC63 /* DSNScreenshots */ = {
			isa = PBXGroup;
			children = (
				14F88B811F35C0610009EC63 /* DSNScreenshots.swift */,
				14F88B831F35C0610009EC63 /* Info.plist */,
			);
			path = DSNScreenshots;
			sourceTree = "<group>";
		};
/* End PBXGroup section */

/* Begin PBXNativeTarget section */
		14F88B651F35C0430009EC63 /* DSN */ = {
			isa = PBXNativeTarget;
			buildConfigurationList = 14F88B781F35C0430009EC63 /* Build configuration list for PBXNativeTarget "DSN" */;
			buildPhases = (
				14F88B621F35C0430009EC63 /* Sources */,
				14F88B631F35C0430009EC63 /* Frameworks */,
				14F88B641F35C0430009EC63 /* Resources */,
			);
			buildRules = (
			);
			dependencies = (
			);
			name = DSN;
			productName = DSN;
			productReference = 14F88B661F35C0430009EC63 /* DSN.app */;
			productType = "com.apple.product-type.application";
		};
		14F88B7E1F35C0600009EC63 /* DSNScreenshots */ = {
			isa = PBXNativeTarget;
			buildConfigurationList = 14F88B861F35C0610009EC63 /* Build configuration list for PBXNativeTarget "DSNScreenshots" */;
			buildPhases = (
				14F88B7B1F35C0600009EC63 /* Sources */,
				14F88B7C1F35C0600009EC63 /* Frameworks */,
				14F88B7D1F35C0600009EC63 /* Resources */,
			);
			buildRules = (
			);
			dependencies = (
				14F88B851F35C0610009EC63 /* PBXTargetDependency */,
			);
			name = DSNScreenshots;
			productName = DSNScreenshots;
			productReference = 14F88B7F1F35C0600009EC63 /* DSNScreenshots.xctest */;
			productType = "com.apple.product-type.bundle.ui-testing";
		};
/* End PBXNativeTarget section */

/* Begin PBXProject section */
		14F88B5E1F35C0430009EC63 /* Project object */ = {
			isa = PBXProject;
			attributes = {
				LastSwiftUpdateCheck = 0830;
				LastUpgradeCheck = 0830;
				ORGANIZATIONNAME = "Andrew Finke";
				TargetAttributes = {
					14F88B651F35C0430009EC63 = {
						CreatedOnToolsVersion = 8.3.3;
						DevelopmentTeam = 72S993BNAV;
						ProvisioningStyle = Automatic;
					};
					14F88B7E1F35C0600009EC63 = {
						CreatedOnToolsVersion = 8.3.3;
						DevelopmentTeam = 72S993BNAV;
						ProvisioningStyle = Automatic;
						TestTargetID = 14F88B651F35C0430009EC63;
					};
				};
			};
			buildConfigurationList = 14F88B611F35C0430009EC63 /* Build configuration list for PBXProject "DSN" */;
			compatibilityVersion = "Xcode 3.2";
			developmentRegion = English;
			hasScannedForEncodings = 0;
			knownRegions = (
				en,
				Base,
			);
			mainGroup = 14F88B5D1F35C0430009EC63;
			productRefGroup = 14F88B671F35C0430009EC63 /* Products */;
			projectDirPath = "";
			projectRoot = "";
			targets = (
				14F88B651F35C0430009EC63 /* DSN */,
				14F88B7E1F35C0600009EC63 /* DSNScreenshots */,
			);
		};
/* End PBXProject section */

/* Begin PBXResourcesBuildPhase section */
		14F88B641F35C0430009EC63 /* Resources */ = {
			isa = PBXResourcesBuildPhase;
			buildActionMask = 2147483647;
			files = (
				14F88B741F35C0430009EC63 /* LaunchScreen.storyboard in Resources */,
				14F88B711F35C0430009EC63 /* Assets.xcassets in Resources */,
				14F88B6F1F35C0430009EC63 /* Main.storyboard in Resources */,
			);
			runOnlyForDeploymentPostprocessing = 0;
		};
		14F88B7D1F35C0600009EC63 /* Resources */ = {
			isa = PBXResourcesBuildPhase;
			buildActionMask = 2147483647;
			files = (
			);
			runOnlyForDeploymentPostprocessing = 0;
		};
/* End PBXResourcesBuildPhase section */

/* Begin PBXSourcesBuildPhase section */
		14F88B621F35C0430009EC63 /* Sources */ = {
			isa = PBXSourcesBuildPhase;
			buildActionMask = 2147483647;
			files = (
				14F88B6C1F35C0430009EC63 /* ViewController.swift in Sources */,
				14F88B6A1F35C0430009EC63 /* AppDelegate.swift in Sources */,
			);
			runOnlyForDeploymentPostprocessing = 0;
		};
		14F88B7B1F35C0600009EC63 /* Sources */ = {
			isa = PBXSourcesBuildPhase;
			buildActionMask = 2147483647;
			files = (
				14F88B821F35C0610009EC63 /* DSNScreenshots.swift in Sources */,
			);
			runOnlyForDeploymentPostprocessing = 0;
		};
/* End PBXSourcesBuildPhase section */

/* Begin PBXTargetDependency section */
		14F88B851F35C0610009EC63 /* PBXTargetDependency */ = {
			isa = PBXTargetDependency;
			target = 14F88B651F35C0430009EC63 /* DSN */;
			targetProxy = 14F88B841F35C0610009EC63 /* PBXContainerItemProxy */;
		};
/* End PBXTargetDependency section */

/* Begin PBXVariantGroup section */
		14F88B6D1F35C0430009EC63 /* Main.storyboard */ = {
			isa = PBXVariantGroup;
			children = (
				14F88B6E1F35C0430009EC63 /* Base */,
			);
			name = Main.storyboard;
			sourceTree = "<group>";
		};
		14F88B721F35C0430009EC63 /* LaunchScreen.storyboard */ = {
			isa = PBXVariantGroup;
			children = (
				14F88B731F35C0430009EC63 /* Base */,
			);
			name = LaunchScreen.storyboard;
			sourceTree = "<group>";
		};
/* End PBXVariantGroup section */

/* Begin XCBuildConfiguration section */
		14F88B761F35C0430009EC63 /* Debug */ = {
			isa = XCBuildConfiguration;
			buildSettings = {
				ALWAYS_SEARCH_USER_PATHS = NO;
				CLANG_ANALYZER_NONNULL = YES;
				CLANG_ANALYZER_NUMBER_OBJECT_CONVERSION = YES_AGGRESSIVE;
				CLANG_CXX_LANGUAGE_STANDARD = "gnu++0x";
				CLANG_CXX_LIBRARY = "libc++";
				CLANG_ENABLE_MODULES = YES;
				CLANG_ENABLE_OBJC_ARC = YES;
				CLANG_WARN_BOOL_CONVERSION = YES;
				CLANG_WARN_CONSTANT_CONVERSION = YES;
				CLANG_WARN_DIRECT_OBJC_ISA_USAGE = YES_ERROR;
				CLANG_WARN_DOCUMENTATION_COMMENTS = YES;
				CLANG_WARN_EMPTY_BODY = YES;
				CLANG_WARN_ENUM_CONVERSION = YES;
				CLANG_WARN_INFINITE_RECURSION = YES;
				CLANG_WARN_INT_CONVERSION = YES;
				CLANG_WARN_OBJC_ROOT_CLASS = YES_ERROR;
				CLANG_WARN_SUSPICIOUS_MOVE = YES;
				CLANG_WARN_UNREACHABLE_CODE = YES;
				CLANG_WARN__DUPLICATE_METHOD_MATCH = YES;
				"CODE_SIGN_IDENTITY[sdk=iphoneos*]" = "iPhone Developer";
				COPY_PHASE_STRIP = NO;
				DEBUG_INFORMATION_FORMAT = dwarf;
				ENABLE_STRICT_OBJC_MSGSEND = YES;
				ENABLE_TESTABILITY = YES;
				GCC_C_LANGUAGE_STANDARD = gnu99;
				GCC_DYNAMIC_NO_PIC = NO;
				GCC_NO_COMMON_BLOCKS = YES;
				GCC_OPTIMIZATION_LEVEL = 0;
				GCC_PREPROCESSOR_DEFINITIONS = (
					"DEBUG=1",
					"$(inherited)",
				);
				GCC_WARN_64_TO_32_BIT_CONVERSION = YES;
				GCC_WARN_ABOUT_RETURN_TYPE = YES_ERROR;
				GCC_WARN_UNDECLARED_SELECTOR = YES;
				GCC_WARN_UNINITIALIZED_AUTOS = YES_AGGRESSIVE;
				GCC_WARN_UNUSED_FUNCTION = YES;
				GCC_WARN_UNUSED_VARIABLE = YES;
				IPHONEOS_DEPLOYMENT_TARGET = 10.3;
				MTL_ENABLE_DEBUG_INFO = YES;
				ONLY_ACTIVE_ARCH = YES;
				SDKROOT = iphoneos;
				SWIFT_ACTIVE_COMPILATION_CONDITIONS = DEBUG;
				SWIFT_OPTIMIZATION_LEVEL = "-Onone";
				TARGETED_DEVICE_FAMILY = "1,2";
			};
			name = Debug;
		};
		14F88B771F35C0430009EC63 /* Release */ = {
			isa = XCBuildConfiguration;
			buildSettings = {
				ALWAYS_SEARCH_USER_PATHS = NO;
				CLANG_ANALYZER_NONNULL = YES;
				CLANG_ANALYZER_NUMBER_OBJECT_CONVERSION = YES_AGGRESSIVE;
				CLANG_CXX_LANGUAGE_STANDARD = "gnu++0x";
				CLANG_CXX_LIBRARY = "libc++";
				CLANG_ENABLE_MODULES = YES;
				CLANG_ENABLE_OBJC_ARC = YES;
				CLANG_WARN_BOOL_CONVERSION = YES;
				CLANG_WARN_CONSTANT_CONVERSION = YES;
				CLANG_WARN_DIRECT_OBJC_ISA_USAGE = YES_ERROR;
				CLANG_WARN_DOCUMENTATION_COMMENTS = YES;
				CLANG_WARN_EMPTY_BODY = YES;
				CLANG_WARN_ENUM_CONVERSION = YES;
				CLANG_WARN_INFINITE_RECURSION = YES;
				CLANG_WARN_INT_CONVERSION = YES;
				CLANG_WARN_OBJC_ROOT_CLASS = YES_ERROR;
				CLANG_WARN_SUSPICIOUS_MOVE = YES;
				CLANG_WARN_UNREACHABLE_CODE = YES;
				CLANG_WARN__DUPLICATE_METHOD_MATCH = YES;
				"CODE_SIGN_IDENTITY[sdk=iphoneos*]" = "iPhone Developer";
				COPY_PHASE_STRIP = NO;
				DEBUG_INFORMATION_FORMAT = "dwarf-with-dsym";
				ENABLE_NS_ASSERTIONS = NO;
				ENABLE_STRICT_OBJC_MSGSEND = YES;
				GCC_C_LANGUAGE_STANDARD = gnu99;
				GCC_NO_COMMON_BLOCKS = YES;
				GCC_WARN_64_TO_32_BIT_CONVERSION = YES;
				GCC_WARN_ABOUT_RETURN_TYPE = YES_ERROR;
				GCC_WARN_UNDECLARED_SELECTOR = YES;
				GCC_WARN_UNINITIALIZED_AUTOS = YES_AGGRESSIVE;
				GCC_WARN_UNUSED_FUNCTION = YES;
				GCC_WARN_UNUSED_VARIABLE = YES;
				IPHONEOS_DEPLOYMENT_TARGET = 10.3;
				MTL_ENABLE_DEBUG_INFO = NO;
				SDKROOT = iphoneos;
				SWIFT_OPTIMIZATION_LEVEL = "-Owholemodule";
				TARGETED_DEVICE_FAMILY = "1,2";
				VALIDATE_PRODUCT = YES;
			};
			name = Release;
		};
		14F88B791F35C0430009EC63 /* Debug */ = {
			isa = XCBuildConfiguration;
			buildSettings = {
				ASSETCATALOG_COMPILER_APPICON_NAME = AppIcon;
				DEVELOPMENT_TEAM = 72S993BNAV;
				INFOPLIST_FILE = DSN/Info.plist;
				LD_RUNPATH_SEARCH_PATHS = "$(inherited) @executable_path/Frameworks";
				PRODUCT_BUNDLE_IDENTIFIER = com.andrewfinke.DSN;
				PRODUCT_NAME = "$(TARGET_NAME)";
				SWIFT_VERSION = 3.0;
			};
			name = Debug;
		};
		14F88B7A1F35C0430009EC63 /* Release */ = {
			isa = XCBuildConfiguration;
			buildSettings = {
				ASSETCATALOG_COMPILER_APPICON_NAME = AppIcon;
				DEVELOPMENT_TEAM = 72S993BNAV;
				INFOPLIST_FILE = DSN/Info.plist;
				LD_RUNPATH_SEARCH_PATHS = "$(inherited) @executable_path/Frameworks";
				PRODUCT_BUNDLE_IDENTIFIER = com.andrewfinke.DSN;
				PRODUCT_NAME = "$(TARGET_NAME)";
				SWIFT_VERSION = 3.0;
			};
			name = Release;
		};
		14F88B871F35C0610009EC63 /* Debug */ = {
			isa = XCBuildConfiguration;
			buildSettings = {
				DEVELOPMENT_TEAM = 72S993BNAV;
				INFOPLIST_FILE = DSNScreenshots/Info.plist;
				LD_RUNPATH_SEARCH_PATHS = "$(inherited) @executable_path/Frameworks @loader_path/Frameworks";
				PRODUCT_BUNDLE_IDENTIFIER = com.andrewfinke.DSNScreenshots;
				PRODUCT_NAME = "$(TARGET_NAME)";
				SWIFT_VERSION = 3.0;
				TEST_TARGET_NAME = DSN;
			};
			name = Debug;
		};
		14F88B881F35C0610009EC63 /* Release */ = {
			isa = XCBuildConfiguration;
			buildSettings = {
				DEVELOPMENT_TEAM = 72S993BNAV;
				INFOPLIST_FILE = DSNScreenshots/Info.plist;
				LD_RUNPATH_SEARCH_PATHS = "$(inherited) @executable_path/Frameworks @loader_path/Frameworks";
				PRODUCT_BUNDLE_IDENTIFIER = com.andrewfinke.DSNScreenshots;
				PRODUCT_NAME = "$(TARGET_NAME)";
				SWIFT_VERSION = 3.0;
				TEST_TARGET_NAME = DSN;
			};
			name = Release;
		};
/* End XCBuildConfiguration section */

/* Begin XCConfigurationList section */
		14F88B611F35C0430009EC63 /* Build configuration list for PBXProject "DSN" */ = {
			isa = XCConfigurationList;
			buildConfigurations = (
				14F88B761F35C0430009EC63 /* Debug */,
				14F88B771F35C0430009EC63 /* Release */,
			);
			defaultConfigurationIsVisible = 0;
			defaultConfigurationName = Release;
		};
		14F88B781F35C0430009EC63 /* Build configuration list for PBXNativeTarget "DSN" */ = {
			isa = XCConfigurationList;
			buildConfigurations = (
				14F88B791F35C0430009EC63 /* Debug */,
				14F88B7A1F35C0430009EC63 /* Release */,
			);
			defaultConfigurationIsVisible = 0;
		};
		14F88B861F35C0610009EC63 /* Build configuration list for PBXNativeTarget "DSNScreenshots" */ = {
			isa = XCConfigurationList;
			buildConfigurations = (
				14F88B871F35C0610009EC63 /* Debug */,
				14F88B881F35C0610009EC63 /* Release */,
			);
			defaultConfigurationIsVisible = 0;
		};
/* End XCConfigurationList section */
	};
	rootObject = 14F88B5E1F35C0430009EC63 /* Project object */;
}
